# This file is automatically @generated by Cargo.
# It is not intended for manual editing.
version = 3

[[package]]
name = "elsa"
version = "1.4.0"
source = "registry+https://github.com/rust-lang/crates.io-index"
checksum = "848344296205756adc00ab3bec02658da0f72eaa1461474aa2d51d64311876a5"
dependencies = [
 "stable_deref_trait",
]

[[package]]
name = "once_cell"
version = "1.8.0"
source = "registry+https://github.com/rust-lang/crates.io-index"
checksum = "692fcb63b64b1758029e0a96ee63e049ce8c5948587f2f7208df04625e5f6b56"

[[package]]
name = "stable_deref_trait"
version = "1.2.0"
source = "registry+https://github.com/rust-lang/crates.io-index"
checksum = "a8f112729512f8e442d81f95a8a7ddf2b7c6b8a1a6f509a95864142b30cab2d3"

[[package]]
name = "vfront_basics"
version = "0.1.0"
dependencies = [
 "elsa",
 "once_cell",
]

[[package]]
name = "vfront_verilog_parser"
version = "0.1.0"
dependencies = [
 "vfront_basics",
]
